
Microsoft Visual Studio Solution File, Format Version 12.00
Project("{FAE04EC0-301F-11D3-BF4B-00C04F79EFBC}") = "Game", "Game\Game.csproj", "{F02BF165-8E7E-40E1-BD9C-49C12E860855}"
EndProject
Project("{FAE04EC0-301F-11D3-BF4B-00C04F79EFBC}") = "GameDataBase", "GameDataBase\GameDataBase.csproj", "{0A37BEC0-8385-489F-BF54-EF978BC932BE}"
EndProject
Project("{FAE04EC0-301F-11D3-BF4B-00C04F79EFBC}") = "GameLogic", "GameLogic\GameLogic.csproj", "{AB40EA98-C311-410E-9FF3-5A7795F1ED28}"
EndProject
Global
	GlobalSection(SolutionConfigurationPlatforms) = preSolution
		Debug|Any CPU = Debug|Any CPU
		Release|Any CPU = Release|Any CPU
	EndGlobalSection
	GlobalSection(ProjectConfigurationPlatforms) = postSolution
		{F02BF165-8E7E-40E1-BD9C-49C12E860855}.Debug|Any CPU.ActiveCfg = Debug|Any CPU
		{F02BF165-8E7E-40E1-BD9C-49C12E860855}.Debug|Any CPU.Build.0 = Debug|Any CPU
		{F02BF165-8E7E-40E1-BD9C-49C12E860855}.Release|Any CPU.ActiveCfg = Release|Any CPU
		{F02BF165-8E7E-40E1-BD9C-49C12E860855}.Release|Any CPU.Build.0 = Release|Any CPU
		{0A37BEC0-8385-489F-BF54-EF978BC932BE}.Debug|Any CPU.ActiveCfg = Debug|Any CPU
		{0A37BEC0-8385-489F-BF54-EF978BC932BE}.Debug|Any CPU.Build.0 = Debug|Any CPU
		{0A37BEC0-8385-489F-BF54-EF978BC932BE}.Release|Any CPU.ActiveCfg = Release|Any CPU
		{0A37BEC0-8385-489F-BF54-EF978BC932BE}.Release|Any CPU.Build.0 = Release|Any CPU
		{AB40EA98-C311-410E-9FF3-5A7795F1ED28}.Debug|Any CPU.ActiveCfg = Debug|Any CPU
		{AB40EA98-C311-410E-9FF3-5A7795F1ED28}.Debug|Any CPU.Build.0 = Debug|Any CPU
		{AB40EA98-C311-410E-9FF3-5A7795F1ED28}.Release|Any CPU.ActiveCfg = Release|Any CPU
		{AB40EA98-C311-410E-9FF3-5A7795F1ED28}.Release|Any CPU.Build.0 = Release|Any CPU
	EndGlobalSection
EndGlobal
